PODS:
  - ActiveLabel (1.0.1)
  - Persei (3.1.1)
  - Presentr (1.3.2)
  - PySwiftyRegex (2.0.1)
  - SCLAlertView (0.8)
  - SideMenu (5.0.2)

DEPENDENCIES:
  - ActiveLabel
  - Persei
  - Presentr
  - PySwiftyRegex
  - SCLAlertView
  - SideMenu

SPEC REPOS:
  https://github.com/cocoapods/specs.git:
    - ActiveLabel
    - Persei
    - Presentr
    - PySwiftyRegex
    - SCLAlertView
    - SideMenu

SPEC CHECKSUMS:
  ActiveLabel: b8b2396fe25308d563601437d6605bf691c3b5db
  Persei: 6d36b54e40eccd437211548d3f897269c85d3a13
  Presentr: 797ae6ec8904eaba4ec58a4c2065bd66e31569ea
  PySwiftyRegex: 18ee6bede93377ce133ca9c1e8cc0446ac988be4
  SCLAlertView: 6a77bb2edfc65e04dbe57725546cb4107a506b85
  SideMenu: e5094f0b2e7d9609e100a90ae69025abd994f882

PODFILE CHECKSUM: 79ff462fba3d999d48e3863f33536969aeb8b9dd

COCOAPODS: 1.5.3
